Microsoft Visual Studio Solution File, Format Version 11.00
# Visual Studio 2008

Project("{13DEC03F-7A1A-9F0B-21BB-25A05FAFD32C}") = "RailBlazers", "Assembly-CSharp.csproj", "{0A709EC9-AF53-6153-3296-5FB2CEEAA196}"
EndProject
Global
	GlobalSection(SolutionConfigurationPlatforms) = preSolution
		Debug|Any CPU = Debug|Any CPU
		Release|Any CPU = Release|Any CPU
	EndGlobalSection
	GlobalSection(ProjectConfigurationPlatforms) = postSolution
		{0A709EC9-AF53-6153-3296-5FB2CEEAA196}.Debug|Any CPU.ActiveCfg = Debug|Any CPU
		{0A709EC9-AF53-6153-3296-5FB2CEEAA196}.Debug|Any CPU.Build.0 = Debug|Any CPU
		{0A709EC9-AF53-6153-3296-5FB2CEEAA196}.Release|Any CPU.ActiveCfg = Release|Any CPU
		{0A709EC9-AF53-6153-3296-5FB2CEEAA196}.Release|Any CPU.Build.0 = Release|Any CPU
	EndGlobalSection
	GlobalSection(SolutionProperties) = preSolution
		HideSolutionNode = FALSE
	EndGlobalSection
	GlobalSection(MonoDevelopProperties) = preSolution
		StartupItem = Assembly-CSharp.csproj
	EndGlobalSection
EndGlobal
